
Microsoft Visual Studio Solution File, Format Version 12.00
# Visual Studio Version 16
VisualStudioVersion = 16.0.31729.503
MinimumVisualStudioVersion = 10.0.40219.1
Project("{FAE04EC0-301F-11D3-BF4B-00C04F79EFBC}") = "Nhom17_Ca2_QuanLyThueXe", "Nhom17_Ca2_QuanLyThueXe\Nhom17_Ca2_QuanLyThueXe.csproj", "{658CB3DC-3769-4D6F-AA40-8C331EE79931}"
EndProject
Global
	GlobalSection(SolutionConfigurationPlatforms) = preSolution
		Debug|Any CPU = Debug|Any CPU
		Release|Any CPU = Release|Any CPU
	EndGlobalSection
	GlobalSection(ProjectConfigurationPlatforms) = postSolution
		{658CB3DC-3769-4D6F-AA40-8C331EE79931}.Debug|Any CPU.ActiveCfg = Debug|Any CPU
		{658CB3DC-3769-4D6F-AA40-8C331EE79931}.Debug|Any CPU.Build.0 = Debug|Any CPU
		{658CB3DC-3769-4D6F-AA40-8C331EE79931}.Release|Any CPU.ActiveCfg = Release|Any CPU
		{658CB3DC-3769-4D6F-AA40-8C331EE79931}.Release|Any CPU.Build.0 = Release|Any CPU
	EndGlobalSection
	GlobalSection(SolutionProperties) = preSolution
		HideSolutionNode = FALSE
	EndGlobalSection
	GlobalSection(ExtensibilityGlobals) = postSolution
		SolutionGuid = {01FF7D16-5DA2-4ECE-8A38-D2EB65ACD081}
	EndGlobalSection
EndGlobal
